// !$*UTF8*$!
{
	archiveVersion = 1;
	classes = {
	};
	objectVersion = 51;
	objects = {

/* Begin PBXBuildFile section */
		0604A44F35FEF294BCADFDCE /* Pods_Workplaces.framework in Frameworks */ = {isa = PBXBuildFile; fileRef = CEAF17742635EB9B00DE0311 /* Pods_Workplaces.framework */; };
		3199FF836ED17EA279DDB128 /* Pods_Workplaces.framework in Frameworks */ = {isa = PBXBuildFile; fileRef = FBD78BC1D1E9FA6DD36932DE /* Pods_Workplaces.framework */; };
		C68C97F900542DB4CC350EA8 /* Pods_WorkplacesAPI.framework in Frameworks */ = {isa = PBXBuildFile; fileRef = CE54EBC6CB84E58C4BC722FC /* Pods_WorkplacesAPI.framework */; };
		CE0748312633FB8C00C628FF /* ZeroView.swift in Sources */ = {isa = PBXBuildFile; fileRef = CE0748302633FB8C00C628FF /* ZeroView.swift */; };
		CE0748352633FBB300C628FF /* ZeroView.xib in Resources */ = {isa = PBXBuildFile; fileRef = CE0748342633FBB300C628FF /* ZeroView.xib */; };
		CE09D75E262E0502009A96B3 /* ServiceLayer.swift in Sources */ = {isa = PBXBuildFile; fileRef = CE09D75D262E0502009A96B3 /* ServiceLayer.swift */; };
		CE09D763262E0EDD009A96B3 /* AuthorizationServiceImpl.swift in Sources */ = {isa = PBXBuildFile; fileRef = CE09D762262E0EDD009A96B3 /* AuthorizationServiceImpl.swift */; };
		CE09D768262E8C10009A96B3 /* TabBarController.swift in Sources */ = {isa = PBXBuildFile; fileRef = CE09D766262E8C10009A96B3 /* TabBarController.swift */; };
		CE09D76D262E8DF8009A96B3 /* FeedViewController.swift in Sources */ = {isa = PBXBuildFile; fileRef = CE09D76B262E8DF8009A96B3 /* FeedViewController.swift */; };
		CE09D76E262E8DF8009A96B3 /* FeedViewController.xib in Resources */ = {isa = PBXBuildFile; fileRef = CE09D76C262E8DF8009A96B3 /* FeedViewController.xib */; };
		CE09D772262E8E0B009A96B3 /* NewPostViewController.swift in Sources */ = {isa = PBXBuildFile; fileRef = CE09D770262E8E0B009A96B3 /* NewPostViewController.swift */; };
		CE09D773262E8E0B009A96B3 /* NewPostViewController.xib in Resources */ = {isa = PBXBuildFile; fileRef = CE09D771262E8E0B009A96B3 /* NewPostViewController.xib */; };
		CE09D777262E8E1C009A96B3 /* ProfileViewController.swift in Sources */ = {isa = PBXBuildFile; fileRef = CE09D775262E8E1C009A96B3 /* ProfileViewController.swift */; };
		CE09D778262E8E1C009A96B3 /* ProfileViewController.xib in Resources */ = {isa = PBXBuildFile; fileRef = CE09D776262E8E1C009A96B3 /* ProfileViewController.xib */; };
		CE09D780262EBA13009A96B3 /* Typealiases.swift in Sources */ = {isa = PBXBuildFile; fileRef = CE09D77F262EBA13009A96B3 /* Typealiases.swift */; };
		CE09D783262EC90D009A96B3 /* LoadingView.swift in Sources */ = {isa = PBXBuildFile; fileRef = CE09D782262EC90D009A96B3 /* LoadingView.swift */; };
		CE12A1DA2635F6C300EE6549 /* Post.swift in Sources */ = {isa = PBXBuildFile; fileRef = CE12A1D92635F6C300EE6549 /* Post.swift */; };
		CE12A1E62635F8B600EE6549 /* EmptyEndpoint.swift in Sources */ = {isa = PBXBuildFile; fileRef = CE12A1E42635F8B600EE6549 /* EmptyEndpoint.swift */; };
		CE12A1E72635F8B600EE6549 /* JsonEndpoint.swift in Sources */ = {isa = PBXBuildFile; fileRef = CE12A1E52635F8B600EE6549 /* JsonEndpoint.swift */; };
		CE12A1EF2635F8EE00EE6549 /* ResponseValidator.swift in Sources */ = {isa = PBXBuildFile; fileRef = CE12A1EE2635F8EE00EE6549 /* ResponseValidator.swift */; };
		CE12A1F52635F91600EE6549 /* Codable.swift in Sources */ = {isa = PBXBuildFile; fileRef = CE12A1F22635F91600EE6549 /* Codable.swift */; };
		CE12A1F62635F91600EE6549 /* APIError.swift in Sources */ = {isa = PBXBuildFile; fileRef = CE12A1F32635F91600EE6549 /* APIError.swift */; };
		CE12A1F72635F91600EE6549 /* HTTPError.swift in Sources */ = {isa = PBXBuildFile; fileRef = CE12A1F42635F91600EE6549 /* HTTPError.swift */; };
		CE12A1FB2635F9C300EE6549 /* User.swift in Sources */ = {isa = PBXBuildFile; fileRef = CE12A1FA2635F9C300EE6549 /* User.swift */; };
		CE12A2012636773600EE6549 /* LikePostEndpoint.swift in Sources */ = {isa = PBXBuildFile; fileRef = CE12A2002636773600EE6549 /* LikePostEndpoint.swift */; };
		CE12A2052636774100EE6549 /* UnlikePostEndpoint.swift in Sources */ = {isa = PBXBuildFile; fileRef = CE12A2042636774100EE6549 /* UnlikePostEndpoint.swift */; };
		CE12A21126368B8300EE6549 /* PublishPostEndpoint.swift in Sources */ = {isa = PBXBuildFile; fileRef = CE12A21026368B8300EE6549 /* PublishPostEndpoint.swift */; };
		CE12A2172636A8B100EE6549 /* LikedPostListEndpoint.swift in Sources */ = {isa = PBXBuildFile; fileRef = CE12A2162636A8B100EE6549 /* LikedPostListEndpoint.swift */; };
		CE12A21B2636A94900EE6549 /* MyProfileEndpoint.swift in Sources */ = {isa = PBXBuildFile; fileRef = CE12A21A2636A94900EE6549 /* MyProfileEndpoint.swift */; };
		CE12A21F2636A9C600EE6549 /* UpdatingMyProfileEndpoint.swift in Sources */ = {isa = PBXBuildFile; fileRef = CE12A21E2636A9C600EE6549 /* UpdatingMyProfileEndpoint.swift */; };
		CE12A2232636AA9E00EE6549 /* FriendListEndpoint.swift in Sources */ = {isa = PBXBuildFile; fileRef = CE12A2222636AA9E00EE6549 /* FriendListEndpoint.swift */; };
		CE12A2272636AB2B00EE6549 /* AddFriendEndpoint.swift in Sources */ = {isa = PBXBuildFile; fileRef = CE12A2262636AB2B00EE6549 /* AddFriendEndpoint.swift */; };
		CE12A22B2636ADA000EE6549 /* RemoveFriendEndpoint.swift in Sources */ = {isa = PBXBuildFile; fileRef = CE12A22A2636ADA000EE6549 /* RemoveFriendEndpoint.swift */; };
		CE12A22F2636AE3700EE6549 /* MyPostListEndpoint.swift in Sources */ = {isa = PBXBuildFile; fileRef = CE12A22E2636AE3700EE6549 /* MyPostListEndpoint.swift */; };
		CE12A23D2637091C00EE6549 /* AuthRequestInterceptor.swift in Sources */ = {isa = PBXBuildFile; fileRef = CE12A23C2637091C00EE6549 /* AuthRequestInterceptor.swift */; };
		CE12A2442637151B00EE6549 /* RegistrationEndpoint.swift in Sources */ = {isa = PBXBuildFile; fileRef = CE12A2432637151B00EE6549 /* RegistrationEndpoint.swift */; };
		CE12A2482637153800EE6549 /* LoginEndpoint.swift in Sources */ = {isa = PBXBuildFile; fileRef = CE12A2472637153800EE6549 /* LoginEndpoint.swift */; };
		CE12A24C2637154B00EE6549 /* LogoutEndpoint.swift in Sources */ = {isa = PBXBuildFile; fileRef = CE12A24B2637154B00EE6549 /* LogoutEndpoint.swift */; };
		CE12A2502637156000EE6549 /* RefreshTokenEndpoint.swift in Sources */ = {isa = PBXBuildFile; fileRef = CE12A24F2637156000EE6549 /* RefreshTokenEndpoint.swift */; };
		CE12A2532637159700EE6549 /* UserCredentials.swift in Sources */ = {isa = PBXBuildFile; fileRef = CE09D77C262EB502009A96B3 /* UserCredentials.swift */; };
		CE12A25926371C1A00EE6549 /* Constants.swift in Sources */ = {isa = PBXBuildFile; fileRef = CE12A25826371C1A00EE6549 /* Constants.swift */; };
		CE12A25D26371E1F00EE6549 /* AuthorizationData.swift in Sources */ = {isa = PBXBuildFile; fileRef = CE12A25C26371E1F00EE6549 /* AuthorizationData.swift */; };
		CE12A263263733B200EE6549 /* AuthDataStorage.swift in Sources */ = {isa = PBXBuildFile; fileRef = CE12A262263733B200EE6549 /* AuthDataStorage.swift */; };
		CE1331AF262C40550086433C /* Palette.xcassets in Resources */ = {isa = PBXBuildFile; fileRef = CE1331AE262C40550086433C /* Palette.xcassets */; };
		CE1331B3262C431D0086433C /* Palette.swift in Sources */ = {isa = PBXBuildFile; fileRef = CE1331B2262C431D0086433C /* Palette.swift */; };
		CE1331B6262C45C80086433C /* Icons.xcassets in Resources */ = {isa = PBXBuildFile; fileRef = CE1331B5262C45C80086433C /* Icons.xcassets */; };
		CE1331B9262C4B340086433C /* Icons.swift in Sources */ = {isa = PBXBuildFile; fileRef = CE1331B8262C4B340086433C /* Icons.swift */; };
		CE573784262DC4A900A6DC20 /* AuthorizationCoordinator.swift in Sources */ = {isa = PBXBuildFile; fileRef = CE573783262DC4A900A6DC20 /* AuthorizationCoordinator.swift */; };
		CE57378A262DEEB000A6DC20 /* SignUpFirstViewController.swift in Sources */ = {isa = PBXBuildFile; fileRef = CE573788262DEEB000A6DC20 /* SignUpFirstViewController.swift */; };
		CE57378B262DEEB000A6DC20 /* SignUpFirstViewController.xib in Resources */ = {isa = PBXBuildFile; fileRef = CE573789262DEEB000A6DC20 /* SignUpFirstViewController.xib */; };
		CE57378F262DEEC700A6DC20 /* SignUpSecondViewController.swift in Sources */ = {isa = PBXBuildFile; fileRef = CE57378D262DEEC700A6DC20 /* SignUpSecondViewController.swift */; };
		CE573790262DEEC700A6DC20 /* SignUpSecondViewController.xib in Resources */ = {isa = PBXBuildFile; fileRef = CE57378E262DEEC700A6DC20 /* SignUpSecondViewController.xib */; };
		CE7C4951262B58E4007FA94E /* AppDelegate.swift in Sources */ = {isa = PBXBuildFile; fileRef = CE7C4950262B58E4007FA94E /* AppDelegate.swift */; };
		CE7C4953262B58E4007FA94E /* SceneDelegate.swift in Sources */ = {isa = PBXBuildFile; fileRef = CE7C4952262B58E4007FA94E /* SceneDelegate.swift */; };
		CE7C495A262B58E5007FA94E /* Assets.xcassets in Resources */ = {isa = PBXBuildFile; fileRef = CE7C4959262B58E5007FA94E /* Assets.xcassets */; };
		CE7C495D262B58E5007FA94E /* LaunchScreen.storyboard in Resources */ = {isa = PBXBuildFile; fileRef = CE7C495B262B58E5007FA94E /* LaunchScreen.storyboard */; };
		CE8953F9262EE4E20082D200 /* UIViewController+Extension.swift in Sources */ = {isa = PBXBuildFile; fileRef = CE8953F8262EE4E20082D200 /* UIViewController+Extension.swift */; };
		CE8F1B5C2633FEA200C0C52C /* ZeroViewController.swift in Sources */ = {isa = PBXBuildFile; fileRef = CE8F1B5B2633FEA200C0C52C /* ZeroViewController.swift */; };
		CE8F1B6126340EAB00C0C52C /* NibInitializable.swift in Sources */ = {isa = PBXBuildFile; fileRef = CE8F1B6026340EAB00C0C52C /* NibInitializable.swift */; };
		CE8F1B6C263470ED00C0C52C /* UITextField+Extension.swift in Sources */ = {isa = PBXBuildFile; fileRef = CE8F1B6B263470ED00C0C52C /* UITextField+Extension.swift */; };
		CE8F1BB52634A9BB00C0C52C /* WorkplacesAPI.framework in Frameworks */ = {isa = PBXBuildFile; fileRef = CE8F1BAC2634A9BB00C0C52C /* WorkplacesAPI.framework */; };
		CE8F1BBC2634A9BB00C0C52C /* WorkplacesAPITests.swift in Sources */ = {isa = PBXBuildFile; fileRef = CE8F1BBB2634A9BB00C0C52C /* WorkplacesAPITests.swift */; };
		CE8F1BBE2634A9BB00C0C52C /* WorkplacesAPI.h in Headers */ = {isa = PBXBuildFile; fileRef = CE8F1BAE2634A9BB00C0C52C /* WorkplacesAPI.h */; settings = {ATTRIBUTES = (Public, ); }; };
		CE8F1BC12634A9BB00C0C52C /* WorkplacesAPI.framework in Frameworks */ = {isa = PBXBuildFile; fileRef = CE8F1BAC2634A9BB00C0C52C /* WorkplacesAPI.framework */; };
		CE8F1BC22634A9BB00C0C52C /* WorkplacesAPI.framework in Embed Frameworks */ = {isa = PBXBuildFile; fileRef = CE8F1BAC2634A9BB00C0C52C /* WorkplacesAPI.framework */; settings = {ATTRIBUTES = (CodeSignOnCopy, RemoveHeadersOnCopy, ); }; };
		CE8F1BE32635194400C0C52C /* AuthorizationService.swift in Sources */ = {isa = PBXBuildFile; fileRef = CE8F1BE22635194400C0C52C /* AuthorizationService.swift */; };
		CE8F1BEA263519BA00C0C52C /* FeedService.swift in Sources */ = {isa = PBXBuildFile; fileRef = CE8F1BE9263519BA00C0C52C /* FeedService.swift */; };
		CE8F1BF2263528BD00C0C52C /* ProfileService.swift in Sources */ = {isa = PBXBuildFile; fileRef = CE8F1BF1263528BD00C0C52C /* ProfileService.swift */; };
		CE8F1BFA26352E1E00C0C52C /* NewPostService.swift in Sources */ = {isa = PBXBuildFile; fileRef = CE8F1BF926352E1E00C0C52C /* NewPostService.swift */; };
		CE8F1C0026352EB400C0C52C /* NewPostServiceImpl.swift in Sources */ = {isa = PBXBuildFile; fileRef = CE8F1BFF26352EB400C0C52C /* NewPostServiceImpl.swift */; };
		CE8F1C0426352EFC00C0C52C /* ProfileServiceImpl.swift in Sources */ = {isa = PBXBuildFile; fileRef = CE8F1C0326352EFC00C0C52C /* ProfileServiceImpl.swift */; };
		CE8F1C0A26352F5E00C0C52C /* FeedServiceImpl.swift in Sources */ = {isa = PBXBuildFile; fileRef = CE8F1C0926352F5E00C0C52C /* FeedServiceImpl.swift */; };
		CE8F1C182635537400C0C52C /* ApplicationCoordinator.swift in Sources */ = {isa = PBXBuildFile; fileRef = CE8F1C172635537400C0C52C /* ApplicationCoordinator.swift */; };
		CE8F1C1C263553FC00C0C52C /* Coordinator.swift in Sources */ = {isa = PBXBuildFile; fileRef = CE8F1C1B263553FC00C0C52C /* Coordinator.swift */; };
		CEA1C3C42638188400B2D0F1 /* UIImageView+Extension.swift in Sources */ = {isa = PBXBuildFile; fileRef = CEA1C3C32638188400B2D0F1 /* UIImageView+Extension.swift */; };
		CEAF17712635EA9E00DE0311 /* FeedPostListEndpoint.swift in Sources */ = {isa = PBXBuildFile; fileRef = CEAF17702635EA9E00DE0311 /* FeedPostListEndpoint.swift */; };
		CEB8B87E262CA92900F030ED /* Images.xcassets in Resources */ = {isa = PBXBuildFile; fileRef = CEB8B87D262CA92900F030ED /* Images.xcassets */; };
		CEB8B881262CAA9E00F030ED /* Images.swift in Sources */ = {isa = PBXBuildFile; fileRef = CEB8B880262CAA9E00F030ED /* Images.swift */; };
		CECED98F2637B89100619CF3 /* RefreshToken.swift in Sources */ = {isa = PBXBuildFile; fileRef = CECED98E2637B89100619CF3 /* RefreshToken.swift */; };
		CECED9932637B9CA00619CF3 /* UserID.swift in Sources */ = {isa = PBXBuildFile; fileRef = CECED9922637B9CA00619CF3 /* UserID.swift */; };
		CEE7FBA5262D44B0001D5DAD /* IBMPlexSans.ttf in Resources */ = {isa = PBXBuildFile; fileRef = CEE7FBA1262D44A6001D5DAD /* IBMPlexSans.ttf */; };
		CEE7FBA8262D4709001D5DAD /* IBMPlexSans-Medium.ttf in Resources */ = {isa = PBXBuildFile; fileRef = CEE7FBA7262D4709001D5DAD /* IBMPlexSans-Medium.ttf */; };
		CEE7FBB1262D4F29001D5DAD /* LoginViewController.swift in Sources */ = {isa = PBXBuildFile; fileRef = CEE7FBAF262D4F29001D5DAD /* LoginViewController.swift */; };
		CEE7FBB2262D4F29001D5DAD /* LoginViewController.xib in Resources */ = {isa = PBXBuildFile; fileRef = CEE7FBB0262D4F29001D5DAD /* LoginViewController.xib */; };
		CEE7FBB7262D5E3D001D5DAD /* SignInViewController.swift in Sources */ = {isa = PBXBuildFile; fileRef = CEE7FBB5262D5E3D001D5DAD /* SignInViewController.swift */; };
		CEE7FBB8262D5E3D001D5DAD /* SignInViewController.xib in Resources */ = {isa = PBXBuildFile; fileRef = CEE7FBB6262D5E3D001D5DAD /* SignInViewController.xib */; };
		CEE7FBC3262D805D001D5DAD /* SignInDoneViewController.swift in Sources */ = {isa = PBXBuildFile; fileRef = CEE7FBC1262D805D001D5DAD /* SignInDoneViewController.swift */; };
		CEE7FBC4262D805D001D5DAD /* SignInDoneViewController.xib in Resources */ = {isa = PBXBuildFile; fileRef = CEE7FBC2262D805D001D5DAD /* SignInDoneViewController.xib */; };
		CEE7FBC8262D826B001D5DAD /* MainFilledButton.swift in Sources */ = {isa = PBXBuildFile; fileRef = CEE7FBC7262D826B001D5DAD /* MainFilledButton.swift */; };
		CEE7FBCB262D8F00001D5DAD /* UINavigationController+Extension.swift in Sources */ = {isa = PBXBuildFile; fileRef = CEE7FBCA262D8F00001D5DAD /* UINavigationController+Extension.swift */; };
		CEE7FBCE262D8FC4001D5DAD /* Fonts.swift in Sources */ = {isa = PBXBuildFile; fileRef = CEE7FBCD262D8FC4001D5DAD /* Fonts.swift */; };
/* End PBXBuildFile section */

/* Begin PBXContainerItemProxy section */
		CE8F1BB62634A9BB00C0C52C /* PBXContainerItemProxy */ = {
			isa = PBXContainerItemProxy;
			containerPortal = CE7C4945262B58E4007FA94E /* Project object */;
			proxyType = 1;
			remoteGlobalIDString = CE8F1BAB2634A9BB00C0C52C;
			remoteInfo = WorkplacesAPI;
		};
		CE8F1BB82634A9BB00C0C52C /* PBXContainerItemProxy */ = {
			isa = PBXContainerItemProxy;
			containerPortal = CE7C4945262B58E4007FA94E /* Project object */;
			proxyType = 1;
			remoteGlobalIDString = CE7C494C262B58E4007FA94E;
			remoteInfo = Workplaces;
		};
		CE8F1BBF2634A9BB00C0C52C /* PBXContainerItemProxy */ = {
			isa = PBXContainerItemProxy;
			containerPortal = CE7C4945262B58E4007FA94E /* Project object */;
			proxyType = 1;
			remoteGlobalIDString = CE8F1BAB2634A9BB00C0C52C;
			remoteInfo = WorkplacesAPI;
		};
/* End PBXContainerItemProxy section */

/* Begin PBXCopyFilesBuildPhase section */
		CE8F1BC62634A9BB00C0C52C /* Embed Frameworks */ = {
			isa = PBXCopyFilesBuildPhase;
			buildActionMask = 2147483647;
			dstPath = "";
			dstSubfolderSpec = 10;
			files = (
				CE8F1BC22634A9BB00C0C52C /* WorkplacesAPI.framework in Embed Frameworks */,
			);
			name = "Embed Frameworks";
			runOnlyForDeploymentPostprocessing = 0;
		};
/* End PBXCopyFilesBuildPhase section */

/* Begin PBXFileReference section */
		29292A45FC12071B9651C796 /* Pods-WorkplacesAPI.release.xcconfig */ = {isa = PBXFileReference; includeInIndex = 1; lastKnownFileType = text.xcconfig; name = "Pods-WorkplacesAPI.release.xcconfig"; path = "Target Support Files/Pods-WorkplacesAPI/Pods-WorkplacesAPI.release.xcconfig"; sourceTree = "<group>"; };
		5F4E10B01EB4746745599989 /* Pods-WorkplacesAPI.debug.xcconfig */ = {isa = PBXFileReference; includeInIndex = 1; lastKnownFileType = text.xcconfig; name = "Pods-WorkplacesAPI.debug.xcconfig"; path = "Target Support Files/Pods-WorkplacesAPI/Pods-WorkplacesAPI.debug.xcconfig"; sourceTree = "<group>"; };
		BBA601C45707BE1116334C8C /* Pods-Workplaces.release.xcconfig */ = {isa = PBXFileReference; includeInIndex = 1; lastKnownFileType = text.xcconfig; name = "Pods-Workplaces.release.xcconfig"; path = "Target Support Files/Pods-Workplaces/Pods-Workplaces.release.xcconfig"; sourceTree = "<group>"; };
		CE0748302633FB8C00C628FF /* ZeroView.swift */ = {isa = PBXFileReference; lastKnownFileType = sourcecode.swift; path = ZeroView.swift; sourceTree = "<group>"; };
		CE0748342633FBB300C628FF /* ZeroView.xib */ = {isa = PBXFileReference; lastKnownFileType = file.xib; path = ZeroView.xib; sourceTree = "<group>"; };
		CE09D75D262E0502009A96B3 /* ServiceLayer.swift */ = {isa = PBXFileReference; lastKnownFileType = sourcecode.swift; path = ServiceLayer.swift; sourceTree = "<group>"; };
		CE09D762262E0EDD009A96B3 /* AuthorizationServiceImpl.swift */ = {isa = PBXFileReference; lastKnownFileType = sourcecode.swift; path = AuthorizationServiceImpl.swift; sourceTree = "<group>"; };
		CE09D766262E8C10009A96B3 /* TabBarController.swift */ = {isa = PBXFileReference; lastKnownFileType = sourcecode.swift; path = TabBarController.swift; sourceTree = "<group>"; };
		CE09D76B262E8DF8009A96B3 /* FeedViewController.swift */ = {isa = PBXFileReference; lastKnownFileType = sourcecode.swift; path = FeedViewController.swift; sourceTree = "<group>"; };
		CE09D76C262E8DF8009A96B3 /* FeedViewController.xib */ = {isa = PBXFileReference; lastKnownFileType = file.xib; path = FeedViewController.xib; sourceTree = "<group>"; };
		CE09D770262E8E0B009A96B3 /* NewPostViewController.swift */ = {isa = PBXFileReference; lastKnownFileType = sourcecode.swift; path = NewPostViewController.swift; sourceTree = "<group>"; };
		CE09D771262E8E0B009A96B3 /* NewPostViewController.xib */ = {isa = PBXFileReference; lastKnownFileType = file.xib; path = NewPostViewController.xib; sourceTree = "<group>"; };
		CE09D775262E8E1C009A96B3 /* ProfileViewController.swift */ = {isa = PBXFileReference; lastKnownFileType = sourcecode.swift; path = ProfileViewController.swift; sourceTree = "<group>"; };
		CE09D776262E8E1C009A96B3 /* ProfileViewController.xib */ = {isa = PBXFileReference; lastKnownFileType = file.xib; path = ProfileViewController.xib; sourceTree = "<group>"; };
		CE09D77C262EB502009A96B3 /* UserCredentials.swift */ = {isa = PBXFileReference; lastKnownFileType = sourcecode.swift; path = UserCredentials.swift; sourceTree = "<group>"; };
		CE09D77F262EBA13009A96B3 /* Typealiases.swift */ = {isa = PBXFileReference; lastKnownFileType = sourcecode.swift; path = Typealiases.swift; sourceTree = "<group>"; };
		CE09D782262EC90D009A96B3 /* LoadingView.swift */ = {isa = PBXFileReference; lastKnownFileType = sourcecode.swift; path = LoadingView.swift; sourceTree = "<group>"; };
		CE12A1D92635F6C300EE6549 /* Post.swift */ = {isa = PBXFileReference; lastKnownFileType = sourcecode.swift; path = Post.swift; sourceTree = "<group>"; };
		CE12A1E42635F8B600EE6549 /* EmptyEndpoint.swift */ = {isa = PBXFileReference; fileEncoding = 4; lastKnownFileType = sourcecode.swift; path = EmptyEndpoint.swift; sourceTree = "<group>"; };
		CE12A1E52635F8B600EE6549 /* JsonEndpoint.swift */ = {isa = PBXFileReference; fileEncoding = 4; lastKnownFileType = sourcecode.swift; path = JsonEndpoint.swift; sourceTree = "<group>"; };
		CE12A1EE2635F8EE00EE6549 /* ResponseValidator.swift */ = {isa = PBXFileReference; fileEncoding = 4; lastKnownFileType = sourcecode.swift; path = ResponseValidator.swift; sourceTree = "<group>"; };
		CE12A1F22635F91600EE6549 /* Codable.swift */ = {isa = PBXFileReference; fileEncoding = 4; lastKnownFileType = sourcecode.swift; path = Codable.swift; sourceTree = "<group>"; };
		CE12A1F32635F91600EE6549 /* APIError.swift */ = {isa = PBXFileReference; fileEncoding = 4; lastKnownFileType = sourcecode.swift; path = APIError.swift; sourceTree = "<group>"; };
		CE12A1F42635F91600EE6549 /* HTTPError.swift */ = {isa = PBXFileReference; fileEncoding = 4; lastKnownFileType = sourcecode.swift; path = HTTPError.swift; sourceTree = "<group>"; };
		CE12A1FA2635F9C300EE6549 /* User.swift */ = {isa = PBXFileReference; lastKnownFileType = sourcecode.swift; path = User.swift; sourceTree = "<group>"; };
		CE12A2002636773600EE6549 /* LikePostEndpoint.swift */ = {isa = PBXFileReference; lastKnownFileType = sourcecode.swift; path = LikePostEndpoint.swift; sourceTree = "<group>"; };
		CE12A2042636774100EE6549 /* UnlikePostEndpoint.swift */ = {isa = PBXFileReference; lastKnownFileType = sourcecode.swift; path = UnlikePostEndpoint.swift; sourceTree = "<group>"; };
		CE12A21026368B8300EE6549 /* PublishPostEndpoint.swift */ = {isa = PBXFileReference; lastKnownFileType = sourcecode.swift; path = PublishPostEndpoint.swift; sourceTree = "<group>"; };
		CE12A2162636A8B100EE6549 /* LikedPostListEndpoint.swift */ = {isa = PBXFileReference; lastKnownFileType = sourcecode.swift; path = LikedPostListEndpoint.swift; sourceTree = "<group>"; };
		CE12A21A2636A94900EE6549 /* MyProfileEndpoint.swift */ = {isa = PBXFileReference; lastKnownFileType = sourcecode.swift; path = MyProfileEndpoint.swift; sourceTree = "<group>"; };
		CE12A21E2636A9C600EE6549 /* UpdatingMyProfileEndpoint.swift */ = {isa = PBXFileReference; lastKnownFileType = sourcecode.swift; path = UpdatingMyProfileEndpoint.swift; sourceTree = "<group>"; };
		CE12A2222636AA9E00EE6549 /* FriendListEndpoint.swift */ = {isa = PBXFileReference; lastKnownFileType = sourcecode.swift; path = FriendListEndpoint.swift; sourceTree = "<group>"; };
		CE12A2262636AB2B00EE6549 /* AddFriendEndpoint.swift */ = {isa = PBXFileReference; lastKnownFileType = sourcecode.swift; path = AddFriendEndpoint.swift; sourceTree = "<group>"; };
		CE12A22A2636ADA000EE6549 /* RemoveFriendEndpoint.swift */ = {isa = PBXFileReference; lastKnownFileType = sourcecode.swift; path = RemoveFriendEndpoint.swift; sourceTree = "<group>"; };
		CE12A22E2636AE3700EE6549 /* MyPostListEndpoint.swift */ = {isa = PBXFileReference; lastKnownFileType = sourcecode.swift; path = MyPostListEndpoint.swift; sourceTree = "<group>"; };
		CE12A23C2637091C00EE6549 /* AuthRequestInterceptor.swift */ = {isa = PBXFileReference; lastKnownFileType = sourcecode.swift; path = AuthRequestInterceptor.swift; sourceTree = "<group>"; };
		CE12A2432637151B00EE6549 /* RegistrationEndpoint.swift */ = {isa = PBXFileReference; lastKnownFileType = sourcecode.swift; path = RegistrationEndpoint.swift; sourceTree = "<group>"; };
		CE12A2472637153800EE6549 /* LoginEndpoint.swift */ = {isa = PBXFileReference; lastKnownFileType = sourcecode.swift; path = LoginEndpoint.swift; sourceTree = "<group>"; };
		CE12A24B2637154B00EE6549 /* LogoutEndpoint.swift */ = {isa = PBXFileReference; lastKnownFileType = sourcecode.swift; path = LogoutEndpoint.swift; sourceTree = "<group>"; };
		CE12A24F2637156000EE6549 /* RefreshTokenEndpoint.swift */ = {isa = PBXFileReference; lastKnownFileType = sourcecode.swift; path = RefreshTokenEndpoint.swift; sourceTree = "<group>"; };
		CE12A25826371C1A00EE6549 /* Constants.swift */ = {isa = PBXFileReference; lastKnownFileType = sourcecode.swift; path = Constants.swift; sourceTree = "<group>"; };
		CE12A25C26371E1F00EE6549 /* AuthorizationData.swift */ = {isa = PBXFileReference; lastKnownFileType = sourcecode.swift; path = AuthorizationData.swift; sourceTree = "<group>"; };
		CE12A262263733B200EE6549 /* AuthDataStorage.swift */ = {isa = PBXFileReference; lastKnownFileType = sourcecode.swift; path = AuthDataStorage.swift; sourceTree = "<group>"; };
		CE1331AE262C40550086433C /* Palette.xcassets */ = {isa = PBXFileReference; lastKnownFileType = folder.assetcatalog; path = Palette.xcassets; sourceTree = "<group>"; };
		CE1331B2262C431D0086433C /* Palette.swift */ = {isa = PBXFileReference; lastKnownFileType = sourcecode.swift; path = Palette.swift; sourceTree = "<group>"; };
		CE1331B5262C45C80086433C /* Icons.xcassets */ = {isa = PBXFileReference; lastKnownFileType = folder.assetcatalog; path = Icons.xcassets; sourceTree = "<group>"; };
		CE1331B8262C4B340086433C /* Icons.swift */ = {isa = PBXFileReference; lastKnownFileType = sourcecode.swift; path = Icons.swift; sourceTree = "<group>"; };
		CE54EBC6CB84E58C4BC722FC /* Pods_WorkplacesAPI.framework */ = {isa = PBXFileReference; explicitFileType = wrapper.framework; includeInIndex = 0; path = Pods_WorkplacesAPI.framework; sourceTree = BUILT_PRODUCTS_DIR; };
		CE573783262DC4A900A6DC20 /* AuthorizationCoordinator.swift */ = {isa = PBXFileReference; lastKnownFileType = sourcecode.swift; path = AuthorizationCoordinator.swift; sourceTree = "<group>"; };
		CE573788262DEEB000A6DC20 /* SignUpFirstViewController.swift */ = {isa = PBXFileReference; lastKnownFileType = sourcecode.swift; path = SignUpFirstViewController.swift; sourceTree = "<group>"; };
		CE573789262DEEB000A6DC20 /* SignUpFirstViewController.xib */ = {isa = PBXFileReference; lastKnownFileType = file.xib; path = SignUpFirstViewController.xib; sourceTree = "<group>"; };
		CE57378D262DEEC700A6DC20 /* SignUpSecondViewController.swift */ = {isa = PBXFileReference; lastKnownFileType = sourcecode.swift; path = SignUpSecondViewController.swift; sourceTree = "<group>"; };
		CE57378E262DEEC700A6DC20 /* SignUpSecondViewController.xib */ = {isa = PBXFileReference; lastKnownFileType = file.xib; path = SignUpSecondViewController.xib; sourceTree = "<group>"; };
		CE7C494D262B58E4007FA94E /* Workplaces.app */ = {isa = PBXFileReference; explicitFileType = wrapper.application; includeInIndex = 0; path = Workplaces.app; sourceTree = BUILT_PRODUCTS_DIR; };
		CE7C4950262B58E4007FA94E /* AppDelegate.swift */ = {isa = PBXFileReference; lastKnownFileType = sourcecode.swift; path = AppDelegate.swift; sourceTree = "<group>"; };
		CE7C4952262B58E4007FA94E /* SceneDelegate.swift */ = {isa = PBXFileReference; lastKnownFileType = sourcecode.swift; path = SceneDelegate.swift; sourceTree = "<group>"; };
		CE7C4959262B58E5007FA94E /* Assets.xcassets */ = {isa = PBXFileReference; lastKnownFileType = folder.assetcatalog; path = Assets.xcassets; sourceTree = "<group>"; };
		CE7C495C262B58E5007FA94E /* Base */ = {isa = PBXFileReference; lastKnownFileType = file.storyboard; name = Base; path = Base.lproj/LaunchScreen.storyboard; sourceTree = "<group>"; };
		CE7C495E262B58E5007FA94E /* Info.plist */ = {isa = PBXFileReference; lastKnownFileType = text.plist.xml; path = Info.plist; sourceTree = "<group>"; };
		CE8953F8262EE4E20082D200 /* UIViewController+Extension.swift */ = {isa = PBXFileReference; lastKnownFileType = sourcecode.swift; path = "UIViewController+Extension.swift"; sourceTree = "<group>"; };
		CE8F1B5B2633FEA200C0C52C /* ZeroViewController.swift */ = {isa = PBXFileReference; lastKnownFileType = sourcecode.swift; path = ZeroViewController.swift; sourceTree = "<group>"; };
		CE8F1B6026340EAB00C0C52C /* NibInitializable.swift */ = {isa = PBXFileReference; lastKnownFileType = sourcecode.swift; path = NibInitializable.swift; sourceTree = "<group>"; };
		CE8F1B6B263470ED00C0C52C /* UITextField+Extension.swift */ = {isa = PBXFileReference; lastKnownFileType = sourcecode.swift; path = "UITextField+Extension.swift"; sourceTree = "<group>"; };
		CE8F1BAC2634A9BB00C0C52C /* WorkplacesAPI.framework */ = {isa = PBXFileReference; explicitFileType = wrapper.framework; includeInIndex = 0; path = WorkplacesAPI.framework; sourceTree = BUILT_PRODUCTS_DIR; };
		CE8F1BAE2634A9BB00C0C52C /* WorkplacesAPI.h */ = {isa = PBXFileReference; lastKnownFileType = sourcecode.c.h; path = WorkplacesAPI.h; sourceTree = "<group>"; };
		CE8F1BAF2634A9BB00C0C52C /* Info.plist */ = {isa = PBXFileReference; lastKnownFileType = text.plist.xml; path = Info.plist; sourceTree = "<group>"; };
		CE8F1BB42634A9BB00C0C52C /* WorkplacesAPITests.xctest */ = {isa = PBXFileReference; explicitFileType = wrapper.cfbundle; includeInIndex = 0; path = WorkplacesAPITests.xctest; sourceTree = BUILT_PRODUCTS_DIR; };
		CE8F1BBB2634A9BB00C0C52C /* WorkplacesAPITests.swift */ = {isa = PBXFileReference; lastKnownFileType = sourcecode.swift; path = WorkplacesAPITests.swift; sourceTree = "<group>"; };
		CE8F1BBD2634A9BB00C0C52C /* Info.plist */ = {isa = PBXFileReference; lastKnownFileType = text.plist.xml; path = Info.plist; sourceTree = "<group>"; };
		CE8F1BE22635194400C0C52C /* AuthorizationService.swift */ = {isa = PBXFileReference; lastKnownFileType = sourcecode.swift; path = AuthorizationService.swift; sourceTree = "<group>"; };
		CE8F1BE9263519BA00C0C52C /* FeedService.swift */ = {isa = PBXFileReference; lastKnownFileType = sourcecode.swift; path = FeedService.swift; sourceTree = "<group>"; };
		CE8F1BF1263528BD00C0C52C /* ProfileService.swift */ = {isa = PBXFileReference; lastKnownFileType = sourcecode.swift; path = ProfileService.swift; sourceTree = "<group>"; };
		CE8F1BF926352E1E00C0C52C /* NewPostService.swift */ = {isa = PBXFileReference; lastKnownFileType = sourcecode.swift; path = NewPostService.swift; sourceTree = "<group>"; };
		CE8F1BFF26352EB400C0C52C /* NewPostServiceImpl.swift */ = {isa = PBXFileReference; lastKnownFileType = sourcecode.swift; path = NewPostServiceImpl.swift; sourceTree = "<group>"; };
		CE8F1C0326352EFC00C0C52C /* ProfileServiceImpl.swift */ = {isa = PBXFileReference; lastKnownFileType = sourcecode.swift; path = ProfileServiceImpl.swift; sourceTree = "<group>"; };
		CE8F1C0926352F5E00C0C52C /* FeedServiceImpl.swift */ = {isa = PBXFileReference; lastKnownFileType = sourcecode.swift; path = FeedServiceImpl.swift; sourceTree = "<group>"; };
		CE8F1C172635537400C0C52C /* ApplicationCoordinator.swift */ = {isa = PBXFileReference; lastKnownFileType = sourcecode.swift; path = ApplicationCoordinator.swift; sourceTree = "<group>"; };
		CE8F1C1B263553FC00C0C52C /* Coordinator.swift */ = {isa = PBXFileReference; lastKnownFileType = sourcecode.swift; path = Coordinator.swift; sourceTree = "<group>"; };
		CEA1C3C32638188400B2D0F1 /* UIImageView+Extension.swift */ = {isa = PBXFileReference; lastKnownFileType = sourcecode.swift; path = "UIImageView+Extension.swift"; sourceTree = "<group>"; };
		CEAF17702635EA9E00DE0311 /* FeedPostListEndpoint.swift */ = {isa = PBXFileReference; lastKnownFileType = sourcecode.swift; path = FeedPostListEndpoint.swift; sourceTree = "<group>"; };
		CEAF17742635EB9B00DE0311 /* Pods_Workplaces.framework */ = {isa = PBXFileReference; explicitFileType = wrapper.framework; path = Pods_Workplaces.framework; sourceTree = BUILT_PRODUCTS_DIR; };
		CEB8B87D262CA92900F030ED /* Images.xcassets */ = {isa = PBXFileReference; lastKnownFileType = folder.assetcatalog; path = Images.xcassets; sourceTree = "<group>"; };
		CEB8B880262CAA9E00F030ED /* Images.swift */ = {isa = PBXFileReference; lastKnownFileType = sourcecode.swift; path = Images.swift; sourceTree = "<group>"; };
		CECED98E2637B89100619CF3 /* RefreshToken.swift */ = {isa = PBXFileReference; lastKnownFileType = sourcecode.swift; path = RefreshToken.swift; sourceTree = "<group>"; };
		CECED9922637B9CA00619CF3 /* UserID.swift */ = {isa = PBXFileReference; lastKnownFileType = sourcecode.swift; path = UserID.swift; sourceTree = "<group>"; };
		CED6F3862635EF2500096D72 /* Apexy.framework */ = {isa = PBXFileReference; explicitFileType = wrapper.framework; path = Apexy.framework; sourceTree = BUILT_PRODUCTS_DIR; };
		CEE7FBA1262D44A6001D5DAD /* IBMPlexSans.ttf */ = {isa = PBXFileReference; lastKnownFileType = file; path = IBMPlexSans.ttf; sourceTree = "<group>"; };
		CEE7FBA7262D4709001D5DAD /* IBMPlexSans-Medium.ttf */ = {isa = PBXFileReference; lastKnownFileType = file; path = "IBMPlexSans-Medium.ttf"; sourceTree = "<group>"; };
		CEE7FBAF262D4F29001D5DAD /* LoginViewController.swift */ = {isa = PBXFileReference; lastKnownFileType = sourcecode.swift; path = LoginViewController.swift; sourceTree = "<group>"; };
		CEE7FBB0262D4F29001D5DAD /* LoginViewController.xib */ = {isa = PBXFileReference; lastKnownFileType = file.xib; path = LoginViewController.xib; sourceTree = "<group>"; };
		CEE7FBB5262D5E3D001D5DAD /* SignInViewController.swift */ = {isa = PBXFileReference; lastKnownFileType = sourcecode.swift; path = SignInViewController.swift; sourceTree = "<group>"; };
		CEE7FBB6262D5E3D001D5DAD /* SignInViewController.xib */ = {isa = PBXFileReference; lastKnownFileType = file.xib; path = SignInViewController.xib; sourceTree = "<group>"; };
		CEE7FBC1262D805D001D5DAD /* SignInDoneViewController.swift */ = {isa = PBXFileReference; lastKnownFileType = sourcecode.swift; path = SignInDoneViewController.swift; sourceTree = "<group>"; };
		CEE7FBC2262D805D001D5DAD /* SignInDoneViewController.xib */ = {isa = PBXFileReference; lastKnownFileType = file.xib; path = SignInDoneViewController.xib; sourceTree = "<group>"; };
		CEE7FBC7262D826B001D5DAD /* MainFilledButton.swift */ = {isa = PBXFileReference; lastKnownFileType = sourcecode.swift; path = MainFilledButton.swift; sourceTree = "<group>"; };
		CEE7FBCA262D8F00001D5DAD /* UINavigationController+Extension.swift */ = {isa = PBXFileReference; lastKnownFileType = sourcecode.swift; path = "UINavigationController+Extension.swift"; sourceTree = "<group>"; };
		CEE7FBCD262D8FC4001D5DAD /* Fonts.swift */ = {isa = PBXFileReference; lastKnownFileType = sourcecode.swift; path = Fonts.swift; sourceTree = "<group>"; };
		D1F47BB9A4BCDCBF72F25400 /* Pods-Workplaces.debug.xcconfig */ = {isa = PBXFileReference; includeInIndex = 1; lastKnownFileType = text.xcconfig; name = "Pods-Workplaces.debug.xcconfig"; path = "Target Support Files/Pods-Workplaces/Pods-Workplaces.debug.xcconfig"; sourceTree = "<group>"; };
		FBD78BC1D1E9FA6DD36932DE /* Pods_Workplaces.framework */ = {isa = PBXFileReference; explicitFileType = wrapper.framework; includeInIndex = 0; path = Pods_Workplaces.framework; sourceTree = BUILT_PRODUCTS_DIR; };
/* End PBXFileReference section */

/* Begin PBXFrameworksBuildPhase section */
		CE7C494A262B58E4007FA94E /* Frameworks */ = {
			isa = PBXFrameworksBuildPhase;
			buildActionMask = 2147483647;
			files = (
				CE8F1BC12634A9BB00C0C52C /* WorkplacesAPI.framework in Frameworks */,
				3199FF836ED17EA279DDB128 /* Pods_Workplaces.framework in Frameworks */,
				0604A44F35FEF294BCADFDCE /* Pods_Workplaces.framework in Frameworks */,
			);
			runOnlyForDeploymentPostprocessing = 0;
		};
		CE8F1BA92634A9BB00C0C52C /* Frameworks */ = {
			isa = PBXFrameworksBuildPhase;
			buildActionMask = 2147483647;
			files = (
				C68C97F900542DB4CC350EA8 /* Pods_WorkplacesAPI.framework in Frameworks */,
			);
			runOnlyForDeploymentPostprocessing = 0;
		};
		CE8F1BB12634A9BB00C0C52C /* Frameworks */ = {
			isa = PBXFrameworksBuildPhase;
			buildActionMask = 2147483647;
			files = (
				CE8F1BB52634A9BB00C0C52C /* WorkplacesAPI.framework in Frameworks */,
			);
			runOnlyForDeploymentPostprocessing = 0;
		};
/* End PBXFrameworksBuildPhase section */

/* Begin PBXGroup section */
		8970999CF90D2E6213E36555 /* Frameworks */ = {
			isa = PBXGroup;
			children = (
				CED6F3862635EF2500096D72 /* Apexy.framework */,
				CEAF17742635EB9B00DE0311 /* Pods_Workplaces.framework */,
				FBD78BC1D1E9FA6DD36932DE /* Pods_Workplaces.framework */,
				CE54EBC6CB84E58C4BC722FC /* Pods_WorkplacesAPI.framework */,
			);
			name = Frameworks;
			sourceTree = "<group>";
		};
		C1C69B5D1A85CA5D7FEC8D59 /* Pods */ = {
			isa = PBXGroup;
			children = (
				D1F47BB9A4BCDCBF72F25400 /* Pods-Workplaces.debug.xcconfig */,
				BBA601C45707BE1116334C8C /* Pods-Workplaces.release.xcconfig */,
				5F4E10B01EB4746745599989 /* Pods-WorkplacesAPI.debug.xcconfig */,
				29292A45FC12071B9651C796 /* Pods-WorkplacesAPI.release.xcconfig */,
			);
			path = Pods;
			sourceTree = "<group>";
		};
		CE0748332633FB9700C628FF /* Zero */ = {
			isa = PBXGroup;
			children = (
				CE0748302633FB8C00C628FF /* ZeroView.swift */,
				CE0748342633FBB300C628FF /* ZeroView.xib */,
			);
			path = Zero;
			sourceTree = "<group>";
		};
		CE09D765262E8BD9009A96B3 /* TabBar */ = {
			isa = PBXGroup;
			children = (
				CE09D766262E8C10009A96B3 /* TabBarController.swift */,
			);
			path = TabBar;
			sourceTree = "<group>";
		};
		CE12A1E32635F8B600EE6549 /* Base */ = {
			isa = PBXGroup;
			children = (
				CE12A1E42635F8B600EE6549 /* EmptyEndpoint.swift */,
				CE12A1E52635F8B600EE6549 /* JsonEndpoint.swift */,
			);
			path = Base;
			sourceTree = "<group>";
		};
		CE12A242263714DF00EE6549 /* Authorization */ = {
			isa = PBXGroup;
			children = (
				CE12A2432637151B00EE6549 /* RegistrationEndpoint.swift */,
				CE12A2472637153800EE6549 /* LoginEndpoint.swift */,
				CE12A24B2637154B00EE6549 /* LogoutEndpoint.swift */,
				CE12A24F2637156000EE6549 /* RefreshTokenEndpoint.swift */,
			);
			path = Authorization;
			sourceTree = "<group>";
		};
		CE133197262C25900086433C /* Presentation */ = {
			isa = PBXGroup;
			children = (
				CE8F1C172635537400C0C52C /* ApplicationCoordinator.swift */,
				CEE7FBD0262DC0D5001D5DAD /* Authorization */,
				CE09D765262E8BD9009A96B3 /* TabBar */,
				CE1331A7262C2D430086433C /* Feed */,
				CE1331A8262C2D630086433C /* NewPost */,
				CE1331A9262C2D690086433C /* Profile */,
				CE1331A0262C265B0086433C /* Common */,
			);
			path = Presentation;
			sourceTree = "<group>";
		};
		CE133198262C25A90086433C /* Resources */ = {
			isa = PBXGroup;
			children = (
				CE133199262C25C60086433C /* Assets */,
				CEE7FBA0262D4417001D5DAD /* Fonts */,
			);
			path = Resources;
			sourceTree = "<group>";
		};
		CE133199262C25C60086433C /* Assets */ = {
			isa = PBXGroup;
			children = (
				CE7C4959262B58E5007FA94E /* Assets.xcassets */,
				CE1331B5262C45C80086433C /* Icons.xcassets */,
				CE1331AE262C40550086433C /* Palette.xcassets */,
				CEB8B87D262CA92900F030ED /* Images.xcassets */,
			);
			path = Assets;
			sourceTree = "<group>";
		};
		CE13319B262C26000086433C /* Business logic */ = {
			isa = PBXGroup;
			children = (
				CE13319E262C26340086433C /* Helpers */,
				CE13319F262C263E0086433C /* Services */,
			);
			path = "Business logic";
			sourceTree = "<group>";
		};
		CE13319C262C26150086433C /* Client */ = {
			isa = PBXGroup;
			children = (
			);
			path = Client;
			sourceTree = "<group>";
		};
		CE13319E262C26340086433C /* Helpers */ = {
			isa = PBXGroup;
			children = (
				CE09D77F262EBA13009A96B3 /* Typealiases.swift */,
				CE12A25826371C1A00EE6549 /* Constants.swift */,
			);
			path = Helpers;
			sourceTree = "<group>";
		};
		CE13319F262C263E0086433C /* Services */ = {
			isa = PBXGroup;
			children = (
				CE09D75D262E0502009A96B3 /* ServiceLayer.swift */,
				CE09D762262E0EDD009A96B3 /* AuthorizationServiceImpl.swift */,
				CE8F1C0926352F5E00C0C52C /* FeedServiceImpl.swift */,
				CE8F1BFF26352EB400C0C52C /* NewPostServiceImpl.swift */,
				CE8F1C0326352EFC00C0C52C /* ProfileServiceImpl.swift */,
				CE12A262263733B200EE6549 /* AuthDataStorage.swift */,
				CE8F1BDE2635173F00C0C52C /* Protocols */,
			);
			path = Services;
			sourceTree = "<group>";
		};
		CE1331A0262C265B0086433C /* Common */ = {
			isa = PBXGroup;
			children = (
				CE1331A4262C26E60086433C /* ViewControllers */,
				CE1331A3262C26D90086433C /* Views */,
				CE1331A2262C26D00086433C /* Extensions */,
				CE8F1B5F26340E3400C0C52C /* Helpers */,
				CE1331A1262C26CA0086433C /* Style */,
			);
			path = Common;
			sourceTree = "<group>";
		};
		CE1331A1262C26CA0086433C /* Style */ = {
			isa = PBXGroup;
			children = (
				CE1331B2262C431D0086433C /* Palette.swift */,
				CE1331B8262C4B340086433C /* Icons.swift */,
				CEB8B880262CAA9E00F030ED /* Images.swift */,
				CEE7FBCD262D8FC4001D5DAD /* Fonts.swift */,
			);
			path = Style;
			sourceTree = "<group>";
		};
		CE1331A2262C26D00086433C /* Extensions */ = {
			isa = PBXGroup;
			children = (
				CEE7FBCA262D8F00001D5DAD /* UINavigationController+Extension.swift */,
				CE8953F8262EE4E20082D200 /* UIViewController+Extension.swift */,
				CE8F1B6B263470ED00C0C52C /* UITextField+Extension.swift */,
				CEA1C3C32638188400B2D0F1 /* UIImageView+Extension.swift */,
			);
			path = Extensions;
			sourceTree = "<group>";
		};
		CE1331A3262C26D90086433C /* Views */ = {
			isa = PBXGroup;
			children = (
				CEE7FBC7262D826B001D5DAD /* MainFilledButton.swift */,
				CE09D782262EC90D009A96B3 /* LoadingView.swift */,
				CE0748332633FB9700C628FF /* Zero */,
			);
			path = Views;
			sourceTree = "<group>";
		};
		CE1331A4262C26E60086433C /* ViewControllers */ = {
			isa = PBXGroup;
			children = (
				CE8F1B5A2633FE7300C0C52C /* Zero */,
			);
			path = ViewControllers;
			sourceTree = "<group>";
		};
		CE1331A5262C27070086433C /* SignIn */ = {
			isa = PBXGroup;
			children = (
				CEE7FBB5262D5E3D001D5DAD /* SignInViewController.swift */,
				CEE7FBB6262D5E3D001D5DAD /* SignInViewController.xib */,
			);
			path = SignIn;
			sourceTree = "<group>";
		};
		CE1331A6262C2D370086433C /* SignUpFirst */ = {
			isa = PBXGroup;
			children = (
				CE573788262DEEB000A6DC20 /* SignUpFirstViewController.swift */,
				CE573789262DEEB000A6DC20 /* SignUpFirstViewController.xib */,
			);
			path = SignUpFirst;
			sourceTree = "<group>";
		};
		CE1331A7262C2D430086433C /* Feed */ = {
			isa = PBXGroup;
			children = (
				CE09D76B262E8DF8009A96B3 /* FeedViewController.swift */,
				CE09D76C262E8DF8009A96B3 /* FeedViewController.xib */,
			);
			path = Feed;
			sourceTree = "<group>";
		};
		CE1331A8262C2D630086433C /* NewPost */ = {
			isa = PBXGroup;
			children = (
				CE09D770262E8E0B009A96B3 /* NewPostViewController.swift */,
				CE09D771262E8E0B009A96B3 /* NewPostViewController.xib */,
			);
			path = NewPost;
			sourceTree = "<group>";
		};
		CE1331A9262C2D690086433C /* Profile */ = {
			isa = PBXGroup;
			children = (
				CE09D775262E8E1C009A96B3 /* ProfileViewController.swift */,
				CE09D776262E8E1C009A96B3 /* ProfileViewController.xib */,
			);
			path = Profile;
			sourceTree = "<group>";
		};
		CE573796262DF49A00A6DC20 /* SignUpSecond */ = {
			isa = PBXGroup;
			children = (
				CE57378D262DEEC700A6DC20 /* SignUpSecondViewController.swift */,
				CE57378E262DEEC700A6DC20 /* SignUpSecondViewController.xib */,
			);
			path = SignUpSecond;
			sourceTree = "<group>";
		};
		CE573798262DF96100A6DC20 /* Supporting files */ = {
			isa = PBXGroup;
			children = (
				CE7C4950262B58E4007FA94E /* AppDelegate.swift */,
				CE7C4952262B58E4007FA94E /* SceneDelegate.swift */,
				CE7C495B262B58E5007FA94E /* LaunchScreen.storyboard */,
				CE7C495E262B58E5007FA94E /* Info.plist */,
			);
			path = "Supporting files";
			sourceTree = "<group>";
		};
		CE7C4944262B58E4007FA94E = {
			isa = PBXGroup;
			children = (
				CE7C494F262B58E4007FA94E /* Workplaces */,
				CE8F1BAD2634A9BB00C0C52C /* WorkplacesAPI */,
				CE8F1BBA2634A9BB00C0C52C /* WorkplacesAPITests */,
				CE7C494E262B58E4007FA94E /* Products */,
				C1C69B5D1A85CA5D7FEC8D59 /* Pods */,
				8970999CF90D2E6213E36555 /* Frameworks */,
			);
			sourceTree = "<group>";
		};
		CE7C494E262B58E4007FA94E /* Products */ = {
			isa = PBXGroup;
			children = (
				CE7C494D262B58E4007FA94E /* Workplaces.app */,
				CE8F1BAC2634A9BB00C0C52C /* WorkplacesAPI.framework */,
				CE8F1BB42634A9BB00C0C52C /* WorkplacesAPITests.xctest */,
			);
			name = Products;
			sourceTree = "<group>";
		};
		CE7C494F262B58E4007FA94E /* Workplaces */ = {
			isa = PBXGroup;
			children = (
				CE133198262C25A90086433C /* Resources */,
				CE13319C262C26150086433C /* Client */,
				CE13319B262C26000086433C /* Business logic */,
				CE133197262C25900086433C /* Presentation */,
				CE573798262DF96100A6DC20 /* Supporting files */,
			);
			path = Workplaces;
			sourceTree = "<group>";
		};
		CE8954722631385E0082D200 /* SignUp */ = {
			isa = PBXGroup;
			children = (
				CE1331A6262C2D370086433C /* SignUpFirst */,
				CE573796262DF49A00A6DC20 /* SignUpSecond */,
			);
			path = SignUp;
			sourceTree = "<group>";
		};
		CE8F1B5A2633FE7300C0C52C /* Zero */ = {
			isa = PBXGroup;
			children = (
				CE8F1B5B2633FEA200C0C52C /* ZeroViewController.swift */,
			);
			path = Zero;
			sourceTree = "<group>";
		};
		CE8F1B5F26340E3400C0C52C /* Helpers */ = {
			isa = PBXGroup;
			children = (
				CE8F1B6026340EAB00C0C52C /* NibInitializable.swift */,
				CE8F1C1B263553FC00C0C52C /* Coordinator.swift */,
			);
			path = Helpers;
			sourceTree = "<group>";
		};
		CE8F1BAD2634A9BB00C0C52C /* WorkplacesAPI */ = {
			isa = PBXGroup;
			children = (
				CE8F1BCE2634A9F300C0C52C /* Common */,
				CE8F1BCD2634A9EB00C0C52C /* Endpoint */,
				CE8F1BCC2634A9DB00C0C52C /* Model */,
				CE8F1BAE2634A9BB00C0C52C /* WorkplacesAPI.h */,
				CE8F1BAF2634A9BB00C0C52C /* Info.plist */,
			);
			path = WorkplacesAPI;
			sourceTree = "<group>";
		};
		CE8F1BBA2634A9BB00C0C52C /* WorkplacesAPITests */ = {
			isa = PBXGroup;
			children = (
				CE8F1BBB2634A9BB00C0C52C /* WorkplacesAPITests.swift */,
				CE8F1BBD2634A9BB00C0C52C /* Info.plist */,
			);
			path = WorkplacesAPITests;
			sourceTree = "<group>";
		};
		CE8F1BCC2634A9DB00C0C52C /* Model */ = {
			isa = PBXGroup;
			children = (
				CE12A1FA2635F9C300EE6549 /* User.swift */,
				CE12A1D92635F6C300EE6549 /* Post.swift */,
				CE09D77C262EB502009A96B3 /* UserCredentials.swift */,
				CE12A25C26371E1F00EE6549 /* AuthorizationData.swift */,
				CECED98E2637B89100619CF3 /* RefreshToken.swift */,
				CECED9922637B9CA00619CF3 /* UserID.swift */,
			);
			path = Model;
			sourceTree = "<group>";
		};
		CE8F1BCD2634A9EB00C0C52C /* Endpoint */ = {
			isa = PBXGroup;
			children = (
				CE12A1E32635F8B600EE6549 /* Base */,
				CE12A242263714DF00EE6549 /* Authorization */,
				CEAF176F2635EA7300DE0311 /* Feed */,
				CEAF176E2635EA6D00DE0311 /* NewPost */,
				CEAF176D2635EA6700DE0311 /* Profile */,
			);
			path = Endpoint;
			sourceTree = "<group>";
		};
		CE8F1BCE2634A9F300C0C52C /* Common */ = {
			isa = PBXGroup;
			children = (
				CE12A1F32635F91600EE6549 /* APIError.swift */,
				CE12A1F22635F91600EE6549 /* Codable.swift */,
				CE12A1F42635F91600EE6549 /* HTTPError.swift */,
				CE12A1EE2635F8EE00EE6549 /* ResponseValidator.swift */,
				CE12A23C2637091C00EE6549 /* AuthRequestInterceptor.swift */,
			);
			path = Common;
			sourceTree = "<group>";
		};
		CE8F1BDE2635173F00C0C52C /* Protocols */ = {
			isa = PBXGroup;
			children = (
				CE8F1BE22635194400C0C52C /* AuthorizationService.swift */,
				CE8F1BE9263519BA00C0C52C /* FeedService.swift */,
				CE8F1BF926352E1E00C0C52C /* NewPostService.swift */,
				CE8F1BF1263528BD00C0C52C /* ProfileService.swift */,
			);
			path = Protocols;
			sourceTree = "<group>";
		};
		CEAF176D2635EA6700DE0311 /* Profile */ = {
			isa = PBXGroup;
			children = (
				CE12A21A2636A94900EE6549 /* MyProfileEndpoint.swift */,
				CE12A21E2636A9C600EE6549 /* UpdatingMyProfileEndpoint.swift */,
				CE12A22E2636AE3700EE6549 /* MyPostListEndpoint.swift */,
				CE12A2162636A8B100EE6549 /* LikedPostListEndpoint.swift */,
				CE12A2222636AA9E00EE6549 /* FriendListEndpoint.swift */,
				CE12A2262636AB2B00EE6549 /* AddFriendEndpoint.swift */,
				CE12A22A2636ADA000EE6549 /* RemoveFriendEndpoint.swift */,
			);
			path = Profile;
			sourceTree = "<group>";
		};
		CEAF176E2635EA6D00DE0311 /* NewPost */ = {
			isa = PBXGroup;
			children = (
				CE12A21026368B8300EE6549 /* PublishPostEndpoint.swift */,
			);
			path = NewPost;
			sourceTree = "<group>";
		};
		CEAF176F2635EA7300DE0311 /* Feed */ = {
			isa = PBXGroup;
			children = (
				CEAF17702635EA9E00DE0311 /* FeedPostListEndpoint.swift */,
				CE12A2002636773600EE6549 /* LikePostEndpoint.swift */,
				CE12A2042636774100EE6549 /* UnlikePostEndpoint.swift */,
			);
			path = Feed;
			sourceTree = "<group>";
		};
		CEE7FBA0262D4417001D5DAD /* Fonts */ = {
			isa = PBXGroup;
			children = (
				CEE7FBA1262D44A6001D5DAD /* IBMPlexSans.ttf */,
				CEE7FBA7262D4709001D5DAD /* IBMPlexSans-Medium.ttf */,
			);
			path = Fonts;
			sourceTree = "<group>";
		};
		CEE7FBAE262D4F14001D5DAD /* Login */ = {
			isa = PBXGroup;
			children = (
				CEE7FBAF262D4F29001D5DAD /* LoginViewController.swift */,
				CEE7FBB0262D4F29001D5DAD /* LoginViewController.xib */,
			);
			path = Login;
			sourceTree = "<group>";
		};
		CEE7FBC0262D8039001D5DAD /* SignInDone */ = {
			isa = PBXGroup;
			children = (
				CEE7FBC1262D805D001D5DAD /* SignInDoneViewController.swift */,
				CEE7FBC2262D805D001D5DAD /* SignInDoneViewController.xib */,
			);
			path = SignInDone;
			sourceTree = "<group>";
		};
		CEE7FBD0262DC0D5001D5DAD /* Authorization */ = {
			isa = PBXGroup;
			children = (
				CE573783262DC4A900A6DC20 /* AuthorizationCoordinator.swift */,
				CEE7FBAE262D4F14001D5DAD /* Login */,
				CE1331A5262C27070086433C /* SignIn */,
				CE8954722631385E0082D200 /* SignUp */,
				CEE7FBC0262D8039001D5DAD /* SignInDone */,
			);
			path = Authorization;
			sourceTree = "<group>";
		};
/* End PBXGroup section */

/* Begin PBXHeadersBuildPhase section */
		CE8F1BA72634A9BB00C0C52C /* Headers */ = {
			isa = PBXHeadersBuildPhase;
			buildActionMask = 2147483647;
			files = (
				CE8F1BBE2634A9BB00C0C52C /* WorkplacesAPI.h in Headers */,
			);
			runOnlyForDeploymentPostprocessing = 0;
		};
/* End PBXHeadersBuildPhase section */

/* Begin PBXNativeTarget section */
		CE7C494C262B58E4007FA94E /* Workplaces */ = {
			isa = PBXNativeTarget;
			buildConfigurationList = CE7C4961262B58E5007FA94E /* Build configuration list for PBXNativeTarget "Workplaces" */;
			buildPhases = (
				E8D26971335AF6AB05F2AE55 /* [CP] Check Pods Manifest.lock */,
				CE7C4949262B58E4007FA94E /* Sources */,
				CE7C494A262B58E4007FA94E /* Frameworks */,
				CE7C494B262B58E4007FA94E /* Resources */,
				CE7C4966262B6031007FA94E /* SwiftLint */,
				CE8F1BC62634A9BB00C0C52C /* Embed Frameworks */,
				05CFECC6FF2B79862F5151C6 /* [CP] Embed Pods Frameworks */,
			);
			buildRules = (
			);
			dependencies = (
				CE8F1BC02634A9BB00C0C52C /* PBXTargetDependency */,
			);
			name = Workplaces;
			productName = Workplaces;
			productReference = CE7C494D262B58E4007FA94E /* Workplaces.app */;
			productType = "com.apple.product-type.application";
		};
		CE8F1BAB2634A9BB00C0C52C /* WorkplacesAPI */ = {
			isa = PBXNativeTarget;
			buildConfigurationList = CE8F1BC32634A9BB00C0C52C /* Build configuration list for PBXNativeTarget "WorkplacesAPI" */;
			buildPhases = (
				C902F86B5D47B51C464766A8 /* [CP] Check Pods Manifest.lock */,
				CE8F1BA72634A9BB00C0C52C /* Headers */,
				CE8F1BA82634A9BB00C0C52C /* Sources */,
				CE8F1BA92634A9BB00C0C52C /* Frameworks */,
				CE8F1BAA2634A9BB00C0C52C /* Resources */,
			);
			buildRules = (
			);
			dependencies = (
			);
			name = WorkplacesAPI;
			productName = WorkplacesAPI;
			productReference = CE8F1BAC2634A9BB00C0C52C /* WorkplacesAPI.framework */;
			productType = "com.apple.product-type.framework";
		};
		CE8F1BB32634A9BB00C0C52C /* WorkplacesAPITests */ = {
			isa = PBXNativeTarget;
			buildConfigurationList = CE8F1BC72634A9BB00C0C52C /* Build configuration list for PBXNativeTarget "WorkplacesAPITests" */;
			buildPhases = (
				CE8F1BB02634A9BB00C0C52C /* Sources */,
				CE8F1BB12634A9BB00C0C52C /* Frameworks */,
				CE8F1BB22634A9BB00C0C52C /* Resources */,
			);
			buildRules = (
			);
			dependencies = (
				CE8F1BB72634A9BB00C0C52C /* PBXTargetDependency */,
				CE8F1BB92634A9BB00C0C52C /* PBXTargetDependency */,
			);
			name = WorkplacesAPITests;
			productName = WorkplacesAPITests;
			productReference = CE8F1BB42634A9BB00C0C52C /* WorkplacesAPITests.xctest */;
			productType = "com.apple.product-type.bundle.unit-test";
		};
/* End PBXNativeTarget section */

/* Begin PBXProject section */
		CE7C4945262B58E4007FA94E /* Project object */ = {
			isa = PBXProject;
			attributes = {
				LastSwiftUpdateCheck = 1240;
				LastUpgradeCheck = 1240;
				TargetAttributes = {
					CE7C494C262B58E4007FA94E = {
						CreatedOnToolsVersion = 12.4;
					};
					CE8F1BAB2634A9BB00C0C52C = {
						CreatedOnToolsVersion = 12.4;
						LastSwiftMigration = 1240;
					};
					CE8F1BB32634A9BB00C0C52C = {
						CreatedOnToolsVersion = 12.4;
						TestTargetID = CE7C494C262B58E4007FA94E;
					};
				};
			};
			buildConfigurationList = CE7C4948262B58E4007FA94E /* Build configuration list for PBXProject "Workplaces" */;
			compatibilityVersion = "Xcode 9.3";
			developmentRegion = en;
			hasScannedForEncodings = 0;
			knownRegions = (
				en,
				Base,
			);
			mainGroup = CE7C4944262B58E4007FA94E;
			productRefGroup = CE7C494E262B58E4007FA94E /* Products */;
			projectDirPath = "";
			projectRoot = "";
			targets = (
				CE7C494C262B58E4007FA94E /* Workplaces */,
				CE8F1BAB2634A9BB00C0C52C /* WorkplacesAPI */,
				CE8F1BB32634A9BB00C0C52C /* WorkplacesAPITests */,
			);
		};
/* End PBXProject section */

/* Begin PBXResourcesBuildPhase section */
		CE7C494B262B58E4007FA94E /* Resources */ = {
			isa = PBXResourcesBuildPhase;
			buildActionMask = 2147483647;
			files = (
				CE09D778262E8E1C009A96B3 /* ProfileViewController.xib in Resources */,
				CEE7FBB8262D5E3D001D5DAD /* SignInViewController.xib in Resources */,
				CE7C495D262B58E5007FA94E /* LaunchScreen.storyboard in Resources */,
				CEE7FBC4262D805D001D5DAD /* SignInDoneViewController.xib in Resources */,
				CEB8B87E262CA92900F030ED /* Images.xcassets in Resources */,
				CE1331AF262C40550086433C /* Palette.xcassets in Resources */,
				CEE7FBA5262D44B0001D5DAD /* IBMPlexSans.ttf in Resources */,
				CE09D773262E8E0B009A96B3 /* NewPostViewController.xib in Resources */,
				CE1331B6262C45C80086433C /* Icons.xcassets in Resources */,
				CE573790262DEEC700A6DC20 /* SignUpSecondViewController.xib in Resources */,
				CE09D76E262E8DF8009A96B3 /* FeedViewController.xib in Resources */,
				CEE7FBA8262D4709001D5DAD /* IBMPlexSans-Medium.ttf in Resources */,
				CE7C495A262B58E5007FA94E /* Assets.xcassets in Resources */,
				CEE7FBB2262D4F29001D5DAD /* LoginViewController.xib in Resources */,
				CE0748352633FBB300C628FF /* ZeroView.xib in Resources */,
				CE57378B262DEEB000A6DC20 /* SignUpFirstViewController.xib in Resources */,
			);
			runOnlyForDeploymentPostprocessing = 0;
		};
		CE8F1BAA2634A9BB00C0C52C /* Resources */ = {
			isa = PBXResourcesBuildPhase;
			buildActionMask = 2147483647;
			files = (
			);
			runOnlyForDeploymentPostprocessing = 0;
		};
		CE8F1BB22634A9BB00C0C52C /* Resources */ = {
			isa = PBXResourcesBuildPhase;
			buildActionMask = 2147483647;
			files = (
			);
			runOnlyForDeploymentPostprocessing = 0;
		};
/* End PBXResourcesBuildPhase section */

/* Begin PBXShellScriptBuildPhase section */
		05CFECC6FF2B79862F5151C6 /* [CP] Embed Pods Frameworks */ = {
			isa = PBXShellScriptBuildPhase;
			buildActionMask = 2147483647;
			files = (
			);
			inputFileListPaths = (
				"${PODS_ROOT}/Target Support Files/Pods-Workplaces/Pods-Workplaces-frameworks-${CONFIGURATION}-input-files.xcfilelist",
			);
			name = "[CP] Embed Pods Frameworks";
			outputFileListPaths = (
				"${PODS_ROOT}/Target Support Files/Pods-Workplaces/Pods-Workplaces-frameworks-${CONFIGURATION}-output-files.xcfilelist",
			);
			runOnlyForDeploymentPostprocessing = 0;
			shellPath = /bin/sh;
			shellScript = "\"${PODS_ROOT}/Target Support Files/Pods-Workplaces/Pods-Workplaces-frameworks.sh\"\n";
			showEnvVarsInLog = 0;
		};
		C902F86B5D47B51C464766A8 /* [CP] Check Pods Manifest.lock */ = {
			isa = PBXShellScriptBuildPhase;
			buildActionMask = 2147483647;
			files = (
			);
			inputFileListPaths = (
			);
			inputPaths = (
				"${PODS_PODFILE_DIR_PATH}/Podfile.lock",
				"${PODS_ROOT}/Manifest.lock",
			);
			name = "[CP] Check Pods Manifest.lock";
			outputFileListPaths = (
			);
			outputPaths = (
				"$(DERIVED_FILE_DIR)/Pods-WorkplacesAPI-checkManifestLockResult.txt",
			);
			runOnlyForDeploymentPostprocessing = 0;
			shellPath = /bin/sh;
			shellScript = "diff \"${PODS_PODFILE_DIR_PATH}/Podfile.lock\" \"${PODS_ROOT}/Manifest.lock\" > /dev/null\nif [ $? != 0 ] ; then\n    # print error to STDERR\n    echo \"error: The sandbox is not in sync with the Podfile.lock. Run 'pod install' or update your CocoaPods installation.\" >&2\n    exit 1\nfi\n# This output is used by Xcode 'outputs' to avoid re-running this script phase.\necho \"SUCCESS\" > \"${SCRIPT_OUTPUT_FILE_0}\"\n";
			showEnvVarsInLog = 0;
		};
		CE7C4966262B6031007FA94E /* SwiftLint */ = {
			isa = PBXShellScriptBuildPhase;
			buildActionMask = 2147483647;
			files = (
			);
			inputFileListPaths = (
			);
			inputPaths = (
			);
			name = SwiftLint;
			outputFileListPaths = (
			);
			outputPaths = (
			);
			runOnlyForDeploymentPostprocessing = 0;
			shellPath = /bin/sh;
			shellScript = "if which swiftlint >/dev/null; then\n  swiftlint\nelse\n  echo \"error: SwiftLint does not exist, download it from https://github.com/realm/SwiftLint\"\n  exit 1\nfi\n";
		};
		E8D26971335AF6AB05F2AE55 /* [CP] Check Pods Manifest.lock */ = {
			isa = PBXShellScriptBuildPhase;
			buildActionMask = 2147483647;
			files = (
			);
			inputFileListPaths = (
			);
			inputPaths = (
				"${PODS_PODFILE_DIR_PATH}/Podfile.lock",
				"${PODS_ROOT}/Manifest.lock",
			);
			name = "[CP] Check Pods Manifest.lock";
			outputFileListPaths = (
			);
			outputPaths = (
				"$(DERIVED_FILE_DIR)/Pods-Workplaces-checkManifestLockResult.txt",
			);
			runOnlyForDeploymentPostprocessing = 0;
			shellPath = /bin/sh;
			shellScript = "diff \"${PODS_PODFILE_DIR_PATH}/Podfile.lock\" \"${PODS_ROOT}/Manifest.lock\" > /dev/null\nif [ $? != 0 ] ; then\n    # print error to STDERR\n    echo \"error: The sandbox is not in sync with the Podfile.lock. Run 'pod install' or update your CocoaPods installation.\" >&2\n    exit 1\nfi\n# This output is used by Xcode 'outputs' to avoid re-running this script phase.\necho \"SUCCESS\" > \"${SCRIPT_OUTPUT_FILE_0}\"\n";
			showEnvVarsInLog = 0;
		};
/* End PBXShellScriptBuildPhase section */

/* Begin PBXSourcesBuildPhase section */
		CE7C4949262B58E4007FA94E /* Sources */ = {
			isa = PBXSourcesBuildPhase;
			buildActionMask = 2147483647;
			files = (
				CEB8B881262CAA9E00F030ED /* Images.swift in Sources */,
				CE12A263263733B200EE6549 /* AuthDataStorage.swift in Sources */,
				CE57378A262DEEB000A6DC20 /* SignUpFirstViewController.swift in Sources */,
				CE09D76D262E8DF8009A96B3 /* FeedViewController.swift in Sources */,
				CE7C4951262B58E4007FA94E /* AppDelegate.swift in Sources */,
				CE09D75E262E0502009A96B3 /* ServiceLayer.swift in Sources */,
				CE573784262DC4A900A6DC20 /* AuthorizationCoordinator.swift in Sources */,
				CE09D777262E8E1C009A96B3 /* ProfileViewController.swift in Sources */,
				CE8F1C0426352EFC00C0C52C /* ProfileServiceImpl.swift in Sources */,
				CE8F1B5C2633FEA200C0C52C /* ZeroViewController.swift in Sources */,
				CE8F1C182635537400C0C52C /* ApplicationCoordinator.swift in Sources */,
				CEE7FBCE262D8FC4001D5DAD /* Fonts.swift in Sources */,
				CE8F1BEA263519BA00C0C52C /* FeedService.swift in Sources */,
				CE09D780262EBA13009A96B3 /* Typealiases.swift in Sources */,
				CEE7FBB1262D4F29001D5DAD /* LoginViewController.swift in Sources */,
				CEA1C3C42638188400B2D0F1 /* UIImageView+Extension.swift in Sources */,
				CE8F1B6C263470ED00C0C52C /* UITextField+Extension.swift in Sources */,
				CEE7FBB7262D5E3D001D5DAD /* SignInViewController.swift in Sources */,
				CE09D763262E0EDD009A96B3 /* AuthorizationServiceImpl.swift in Sources */,
				CE8953F9262EE4E20082D200 /* UIViewController+Extension.swift in Sources */,
				CE09D768262E8C10009A96B3 /* TabBarController.swift in Sources */,
				CE12A25926371C1A00EE6549 /* Constants.swift in Sources */,
				CE7C4953262B58E4007FA94E /* SceneDelegate.swift in Sources */,
				CE57378F262DEEC700A6DC20 /* SignUpSecondViewController.swift in Sources */,
				CEE7FBC3262D805D001D5DAD /* SignInDoneViewController.swift in Sources */,
				CEE7FBC8262D826B001D5DAD /* MainFilledButton.swift in Sources */,
				CE09D783262EC90D009A96B3 /* LoadingView.swift in Sources */,
				CE8F1BE32635194400C0C52C /* AuthorizationService.swift in Sources */,
				CE0748312633FB8C00C628FF /* ZeroView.swift in Sources */,
				CE8F1BFA26352E1E00C0C52C /* NewPostService.swift in Sources */,
				CE8F1B6126340EAB00C0C52C /* NibInitializable.swift in Sources */,
				CE8F1C0026352EB400C0C52C /* NewPostServiceImpl.swift in Sources */,
				CE8F1C1C263553FC00C0C52C /* Coordinator.swift in Sources */,
				CE8F1C0A26352F5E00C0C52C /* FeedServiceImpl.swift in Sources */,
				CE1331B9262C4B340086433C /* Icons.swift in Sources */,
				CE09D772262E8E0B009A96B3 /* NewPostViewController.swift in Sources */,
				CE1331B3262C431D0086433C /* Palette.swift in Sources */,
				CEE7FBCB262D8F00001D5DAD /* UINavigationController+Extension.swift in Sources */,
				CE8F1BF2263528BD00C0C52C /* ProfileService.swift in Sources */,
			);
			runOnlyForDeploymentPostprocessing = 0;
		};
		CE8F1BA82634A9BB00C0C52C /* Sources */ = {
			isa = PBXSourcesBuildPhase;
			buildActionMask = 2147483647;
			files = (
				CE12A1EF2635F8EE00EE6549 /* ResponseValidator.swift in Sources */,
				CE12A2532637159700EE6549 /* UserCredentials.swift in Sources */,
				CE12A2012636773600EE6549 /* LikePostEndpoint.swift in Sources */,
				CE12A1E72635F8B600EE6549 /* JsonEndpoint.swift in Sources */,
				CE12A22F2636AE3700EE6549 /* MyPostListEndpoint.swift in Sources */,
				CE12A21F2636A9C600EE6549 /* UpdatingMyProfileEndpoint.swift in Sources */,
				CE12A2052636774100EE6549 /* UnlikePostEndpoint.swift in Sources */,
				CE12A2502637156000EE6549 /* RefreshTokenEndpoint.swift in Sources */,
				CE12A1F52635F91600EE6549 /* Codable.swift in Sources */,
				CEAF17712635EA9E00DE0311 /* FeedPostListEndpoint.swift in Sources */,
				CE12A21B2636A94900EE6549 /* MyProfileEndpoint.swift in Sources */,
				CE12A2232636AA9E00EE6549 /* FriendListEndpoint.swift in Sources */,
				CE12A1F72635F91600EE6549 /* HTTPError.swift in Sources */,
				CE12A24C2637154B00EE6549 /* LogoutEndpoint.swift in Sources */,
				CE12A2272636AB2B00EE6549 /* AddFriendEndpoint.swift in Sources */,
				CECED9932637B9CA00619CF3 /* UserID.swift in Sources */,
				CE12A1FB2635F9C300EE6549 /* User.swift in Sources */,
				CE12A1DA2635F6C300EE6549 /* Post.swift in Sources */,
				CE12A1E62635F8B600EE6549 /* EmptyEndpoint.swift in Sources */,
				CE12A22B2636ADA000EE6549 /* RemoveFriendEndpoint.swift in Sources */,
				CE12A25D26371E1F00EE6549 /* AuthorizationData.swift in Sources */,
				CE12A2482637153800EE6549 /* LoginEndpoint.swift in Sources */,
				CE12A23D2637091C00EE6549 /* AuthRequestInterceptor.swift in Sources */,
				CE12A2172636A8B100EE6549 /* LikedPostListEndpoint.swift in Sources */,
				CE12A21126368B8300EE6549 /* PublishPostEndpoint.swift in Sources */,
				CE12A2442637151B00EE6549 /* RegistrationEndpoint.swift in Sources */,
				CE12A1F62635F91600EE6549 /* APIError.swift in Sources */,
				CECED98F2637B89100619CF3 /* RefreshToken.swift in Sources */,
			);
			runOnlyForDeploymentPostprocessing = 0;
		};
		CE8F1BB02634A9BB00C0C52C /* Sources */ = {
			isa = PBXSourcesBuildPhase;
			buildActionMask = 2147483647;
			files = (
				CE8F1BBC2634A9BB00C0C52C /* WorkplacesAPITests.swift in Sources */,
			);
			runOnlyForDeploymentPostprocessing = 0;
		};
/* End PBXSourcesBuildPhase section */

/* Begin PBXTargetDependency section */
		CE8F1BB72634A9BB00C0C52C /* PBXTargetDependency */ = {
			isa = PBXTargetDependency;
			target = CE8F1BAB2634A9BB00C0C52C /* WorkplacesAPI */;
			targetProxy = CE8F1BB62634A9BB00C0C52C /* PBXContainerItemProxy */;
		};
		CE8F1BB92634A9BB00C0C52C /* PBXTargetDependency */ = {
			isa = PBXTargetDependency;
			target = CE7C494C262B58E4007FA94E /* Workplaces */;
			targetProxy = CE8F1BB82634A9BB00C0C52C /* PBXContainerItemProxy */;
		};
		CE8F1BC02634A9BB00C0C52C /* PBXTargetDependency */ = {
			isa = PBXTargetDependency;
			target = CE8F1BAB2634A9BB00C0C52C /* WorkplacesAPI */;
			targetProxy = CE8F1BBF2634A9BB00C0C52C /* PBXContainerItemProxy */;
		};
/* End PBXTargetDependency section */

/* Begin PBXVariantGroup section */
		CE7C495B262B58E5007FA94E /* LaunchScreen.storyboard */ = {
			isa = PBXVariantGroup;
			children = (
				CE7C495C262B58E5007FA94E /* Base */,
			);
			name = LaunchScreen.storyboard;
			sourceTree = "<group>";
		};
/* End PBXVariantGroup section */

/* Begin XCBuildConfiguration section */
		CE7C495F262B58E5007FA94E /* Debug */ = {
			isa = XCBuildConfiguration;
			buildSettings = {
				ALWAYS_SEARCH_USER_PATHS = NO;
				CLANG_ANALYZER_NONNULL = YES;
				CLANG_ANALYZER_NUMBER_OBJECT_CONVERSION = YES_AGGRESSIVE;
				CLANG_CXX_LANGUAGE_STANDARD = "gnu++14";
				CLANG_CXX_LIBRARY = "libc++";
				CLANG_ENABLE_MODULES = YES;
				CLANG_ENABLE_OBJC_ARC = YES;
				CLANG_ENABLE_OBJC_WEAK = YES;
				CLANG_WARN_BLOCK_CAPTURE_AUTORELEASING = YES;
				CLANG_WARN_BOOL_CONVERSION = YES;
				CLANG_WARN_COMMA = YES;
				CLANG_WARN_CONSTANT_CONVERSION = YES;
				CLANG_WARN_DEPRECATED_OBJC_IMPLEMENTATIONS = YES;
				CLANG_WARN_DIRECT_OBJC_ISA_USAGE = YES_ERROR;
				CLANG_WARN_DOCUMENTATION_COMMENTS = YES;
				CLANG_WARN_EMPTY_BODY = YES;
				CLANG_WARN_ENUM_CONVERSION = YES;
				CLANG_WARN_INFINITE_RECURSION = YES;
				CLANG_WARN_INT_CONVERSION = YES;
				CLANG_WARN_NON_LITERAL_NULL_CONVERSION = YES;
				CLANG_WARN_OBJC_IMPLICIT_RETAIN_SELF = YES;
				CLANG_WARN_OBJC_LITERAL_CONVERSION = YES;
				CLANG_WARN_OBJC_ROOT_CLASS = YES_ERROR;
				CLANG_WARN_QUOTED_INCLUDE_IN_FRAMEWORK_HEADER = YES;
				CLANG_WARN_RANGE_LOOP_ANALYSIS = YES;
				CLANG_WARN_STRICT_PROTOTYPES = YES;
				CLANG_WARN_SUSPICIOUS_MOVE = YES;
				CLANG_WARN_UNGUARDED_AVAILABILITY = YES_AGGRESSIVE;
				CLANG_WARN_UNREACHABLE_CODE = YES;
				CLANG_WARN__DUPLICATE_METHOD_MATCH = YES;
				COPY_PHASE_STRIP = NO;
				DEBUG_INFORMATION_FORMAT = dwarf;
				ENABLE_STRICT_OBJC_MSGSEND = YES;
				ENABLE_TESTABILITY = YES;
				GCC_C_LANGUAGE_STANDARD = gnu11;
				GCC_DYNAMIC_NO_PIC = NO;
				GCC_NO_COMMON_BLOCKS = YES;
				GCC_OPTIMIZATION_LEVEL = 0;
				GCC_PREPROCESSOR_DEFINITIONS = (
					"DEBUG=1",
					"$(inherited)",
				);
				GCC_WARN_64_TO_32_BIT_CONVERSION = YES;
				GCC_WARN_ABOUT_RETURN_TYPE = YES_ERROR;
				GCC_WARN_UNDECLARED_SELECTOR = YES;
				GCC_WARN_UNINITIALIZED_AUTOS = YES_AGGRESSIVE;
				GCC_WARN_UNUSED_FUNCTION = YES;
				GCC_WARN_UNUSED_VARIABLE = YES;
				IPHONEOS_DEPLOYMENT_TARGET = 13.0;
				MTL_ENABLE_DEBUG_INFO = INCLUDE_SOURCE;
				MTL_FAST_MATH = YES;
				ONLY_ACTIVE_ARCH = YES;
				SDKROOT = iphoneos;
				SWIFT_ACTIVE_COMPILATION_CONDITIONS = DEBUG;
				SWIFT_OPTIMIZATION_LEVEL = "-Onone";
			};
			name = Debug;
		};
		CE7C4960262B58E5007FA94E /* Release */ = {
			isa = XCBuildConfiguration;
			buildSettings = {
				ALWAYS_SEARCH_USER_PATHS = NO;
				CLANG_ANALYZER_NONNULL = YES;
				CLANG_ANALYZER_NUMBER_OBJECT_CONVERSION = YES_AGGRESSIVE;
				CLANG_CXX_LANGUAGE_STANDARD = "gnu++14";
				CLANG_CXX_LIBRARY = "libc++";
				CLANG_ENABLE_MODULES = YES;
				CLANG_ENABLE_OBJC_ARC = YES;
				CLANG_ENABLE_OBJC_WEAK = YES;
				CLANG_WARN_BLOCK_CAPTURE_AUTORELEASING = YES;
				CLANG_WARN_BOOL_CONVERSION = YES;
				CLANG_WARN_COMMA = YES;
				CLANG_WARN_CONSTANT_CONVERSION = YES;
				CLANG_WARN_DEPRECATED_OBJC_IMPLEMENTATIONS = YES;
				CLANG_WARN_DIRECT_OBJC_ISA_USAGE = YES_ERROR;
				CLANG_WARN_DOCUMENTATION_COMMENTS = YES;
				CLANG_WARN_EMPTY_BODY = YES;
				CLANG_WARN_ENUM_CONVERSION = YES;
				CLANG_WARN_INFINITE_RECURSION = YES;
				CLANG_WARN_INT_CONVERSION = YES;
				CLANG_WARN_NON_LITERAL_NULL_CONVERSION = YES;
				CLANG_WARN_OBJC_IMPLICIT_RETAIN_SELF = YES;
				CLANG_WARN_OBJC_LITERAL_CONVERSION = YES;
				CLANG_WARN_OBJC_ROOT_CLASS = YES_ERROR;
				CLANG_WARN_QUOTED_INCLUDE_IN_FRAMEWORK_HEADER = YES;
				CLANG_WARN_RANGE_LOOP_ANALYSIS = YES;
				CLANG_WARN_STRICT_PROTOTYPES = YES;
				CLANG_WARN_SUSPICIOUS_MOVE = YES;
				CLANG_WARN_UNGUARDED_AVAILABILITY = YES_AGGRESSIVE;
				CLANG_WARN_UNREACHABLE_CODE = YES;
				CLANG_WARN__DUPLICATE_METHOD_MATCH = YES;
				COPY_PHASE_STRIP = NO;
				DEBUG_INFORMATION_FORMAT = "dwarf-with-dsym";
				ENABLE_NS_ASSERTIONS = NO;
				ENABLE_STRICT_OBJC_MSGSEND = YES;
				GCC_C_LANGUAGE_STANDARD = gnu11;
				GCC_NO_COMMON_BLOCKS = YES;
				GCC_WARN_64_TO_32_BIT_CONVERSION = YES;
				GCC_WARN_ABOUT_RETURN_TYPE = YES_ERROR;
				GCC_WARN_UNDECLARED_SELECTOR = YES;
				GCC_WARN_UNINITIALIZED_AUTOS = YES_AGGRESSIVE;
				GCC_WARN_UNUSED_FUNCTION = YES;
				GCC_WARN_UNUSED_VARIABLE = YES;
				IPHONEOS_DEPLOYMENT_TARGET = 13.0;
				MTL_ENABLE_DEBUG_INFO = NO;
				MTL_FAST_MATH = YES;
				SDKROOT = iphoneos;
				SWIFT_COMPILATION_MODE = wholemodule;
				SWIFT_OPTIMIZATION_LEVEL = "-O";
				VALIDATE_PRODUCT = YES;
			};
			name = Release;
		};
		CE7C4962262B58E5007FA94E /* Debug */ = {
			isa = XCBuildConfiguration;
			baseConfigurationReference = D1F47BB9A4BCDCBF72F25400 /* Pods-Workplaces.debug.xcconfig */;
			buildSettings = {
				ALWAYS_EMBED_SWIFT_STANDARD_LIBRARIES = YES;
				ASSETCATALOG_COMPILER_APPICON_NAME = AppIcon;
				ASSETCATALOG_COMPILER_GLOBAL_ACCENT_COLOR_NAME = AccentColor;
				CODE_SIGN_STYLE = Automatic;
				DEVELOPMENT_TEAM = 4J6378W446;
				INFOPLIST_FILE = "Workplaces/Supporting files/Info.plist";
				IPHONEOS_DEPLOYMENT_TARGET = 13.0;
				LD_RUNPATH_SEARCH_PATHS = (
					"$(inherited)",
					"@executable_path/Frameworks",
				);
				PRODUCT_BUNDLE_IDENTIFIER = com.redmadrobot.Workplaces;
				PRODUCT_NAME = "$(TARGET_NAME)";
				SWIFT_VERSION = 5.0;
				TARGETED_DEVICE_FAMILY = 1;
			};
			name = Debug;
		};
		CE7C4963262B58E5007FA94E /* Release */ = {
			isa = XCBuildConfiguration;
			baseConfigurationReference = BBA601C45707BE1116334C8C /* Pods-Workplaces.release.xcconfig */;
			buildSettings = {
				ALWAYS_EMBED_SWIFT_STANDARD_LIBRARIES = YES;
				ASSETCATALOG_COMPILER_APPICON_NAME = AppIcon;
				ASSETCATALOG_COMPILER_GLOBAL_ACCENT_COLOR_NAME = AccentColor;
				CODE_SIGN_STYLE = Automatic;
				DEVELOPMENT_TEAM = 4J6378W446;
				INFOPLIST_FILE = "Workplaces/Supporting files/Info.plist";
				IPHONEOS_DEPLOYMENT_TARGET = 13.0;
				LD_RUNPATH_SEARCH_PATHS = (
					"$(inherited)",
					"@executable_path/Frameworks",
				);
				PRODUCT_BUNDLE_IDENTIFIER = com.redmadrobot.Workplaces;
				PRODUCT_NAME = "$(TARGET_NAME)";
				SWIFT_VERSION = 5.0;
				TARGETED_DEVICE_FAMILY = 1;
			};
			name = Release;
		};
		CE8F1BC42634A9BB00C0C52C /* Debug */ = {
			isa = XCBuildConfiguration;
			baseConfigurationReference = 5F4E10B01EB4746745599989 /* Pods-WorkplacesAPI.debug.xcconfig */;
			buildSettings = {
				CLANG_ENABLE_MODULES = YES;
				CODE_SIGN_STYLE = Automatic;
				CURRENT_PROJECT_VERSION = 1;
				DEFINES_MODULE = YES;
				DEVELOPMENT_TEAM = 4J6378W446;
				DYLIB_COMPATIBILITY_VERSION = 1;
				DYLIB_CURRENT_VERSION = 1;
				DYLIB_INSTALL_NAME_BASE = "@rpath";
				INFOPLIST_FILE = WorkplacesAPI/Info.plist;
				INSTALL_PATH = "$(LOCAL_LIBRARY_DIR)/Frameworks";
				LD_RUNPATH_SEARCH_PATHS = (
					"$(inherited)",
					"@executable_path/Frameworks",
					"@loader_path/Frameworks",
				);
				PRODUCT_BUNDLE_IDENTIFIER = com.redmadrobot.WorkplacesAPI;
				PRODUCT_NAME = "$(TARGET_NAME:c99extidentifier)";
				SKIP_INSTALL = YES;
				SWIFT_OPTIMIZATION_LEVEL = "-Onone";
				SWIFT_VERSION = 5.0;
				TARGETED_DEVICE_FAMILY = "1,2";
				VERSIONING_SYSTEM = "apple-generic";
				VERSION_INFO_PREFIX = "";
			};
			name = Debug;
		};
		CE8F1BC52634A9BB00C0C52C /* Release */ = {
			isa = XCBuildConfiguration;
			baseConfigurationReference = 29292A45FC12071B9651C796 /* Pods-WorkplacesAPI.release.xcconfig */;
			buildSettings = {
				CLANG_ENABLE_MODULES = YES;
				CODE_SIGN_STYLE = Automatic;
				CURRENT_PROJECT_VERSION = 1;
				DEFINES_MODULE = YES;
				DEVELOPMENT_TEAM = 4J6378W446;
				DYLIB_COMPATIBILITY_VERSION = 1;
				DYLIB_CURRENT_VERSION = 1;
				DYLIB_INSTALL_NAME_BASE = "@rpath";
				INFOPLIST_FILE = WorkplacesAPI/Info.plist;
				INSTALL_PATH = "$(LOCAL_LIBRARY_DIR)/Frameworks";
				LD_RUNPATH_SEARCH_PATHS = (
					"$(inherited)",
					"@executable_path/Frameworks",
					"@loader_path/Frameworks",
				);
				PRODUCT_BUNDLE_IDENTIFIER = com.redmadrobot.WorkplacesAPI;
				PRODUCT_NAME = "$(TARGET_NAME:c99extidentifier)";
				SKIP_INSTALL = YES;
				SWIFT_VERSION = 5.0;
				TARGETED_DEVICE_FAMILY = "1,2";
				VERSIONING_SYSTEM = "apple-generic";
				VERSION_INFO_PREFIX = "";
			};
			name = Release;
		};
		CE8F1BC82634A9BB00C0C52C /* Debug */ = {
			isa = XCBuildConfiguration;
			buildSettings = {
				ALWAYS_EMBED_SWIFT_STANDARD_LIBRARIES = YES;
				CODE_SIGN_STYLE = Automatic;
				DEVELOPMENT_TEAM = 4J6378W446;
				INFOPLIST_FILE = WorkplacesAPITests/Info.plist;
				LD_RUNPATH_SEARCH_PATHS = (
					"$(inherited)",
					"@executable_path/Frameworks",
					"@loader_path/Frameworks",
				);
				PRODUCT_BUNDLE_IDENTIFIER = com.redmadrobot.WorkplacesAPITests;
				PRODUCT_NAME = "$(TARGET_NAME)";
				SWIFT_VERSION = 5.0;
				TARGETED_DEVICE_FAMILY = "1,2";
				TEST_HOST = "$(BUILT_PRODUCTS_DIR)/Workplaces.app/Workplaces";
			};
			name = Debug;
		};
		CE8F1BC92634A9BB00C0C52C /* Release */ = {
			isa = XCBuildConfiguration;
			buildSettings = {
				ALWAYS_EMBED_SWIFT_STANDARD_LIBRARIES = YES;
				CODE_SIGN_STYLE = Automatic;
				DEVELOPMENT_TEAM = 4J6378W446;
				INFOPLIST_FILE = WorkplacesAPITests/Info.plist;
				LD_RUNPATH_SEARCH_PATHS = (
					"$(inherited)",
					"@executable_path/Frameworks",
					"@loader_path/Frameworks",
				);
				PRODUCT_BUNDLE_IDENTIFIER = com.redmadrobot.WorkplacesAPITests;
				PRODUCT_NAME = "$(TARGET_NAME)";
				SWIFT_VERSION = 5.0;
				TARGETED_DEVICE_FAMILY = "1,2";
				TEST_HOST = "$(BUILT_PRODUCTS_DIR)/Workplaces.app/Workplaces";
			};
			name = Release;
		};
/* End XCBuildConfiguration section */

/* Begin XCConfigurationList section */
		CE7C4948262B58E4007FA94E /* Build configuration list for PBXProject "Workplaces" */ = {
			isa = XCConfigurationList;
			buildConfigurations = (
				CE7C495F262B58E5007FA94E /* Debug */,
				CE7C4960262B58E5007FA94E /* Release */,
			);
			defaultConfigurationIsVisible = 0;
			defaultConfigurationName = Release;
		};
		CE7C4961262B58E5007FA94E /* Build configuration list for PBXNativeTarget "Workplaces" */ = {
			isa = XCConfigurationList;
			buildConfigurations = (
				CE7C4962262B58E5007FA94E /* Debug */,
				CE7C4963262B58E5007FA94E /* Release */,
			);
			defaultConfigurationIsVisible = 0;
			defaultConfigurationName = Release;
		};
		CE8F1BC32634A9BB00C0C52C /* Build configuration list for PBXNativeTarget "WorkplacesAPI" */ = {
			isa = XCConfigurationList;
			buildConfigurations = (
				CE8F1BC42634A9BB00C0C52C /* Debug */,
				CE8F1BC52634A9BB00C0C52C /* Release */,
			);
			defaultConfigurationIsVisible = 0;
			defaultConfigurationName = Release;
		};
		CE8F1BC72634A9BB00C0C52C /* Build configuration list for PBXNativeTarget "WorkplacesAPITests" */ = {
			isa = XCConfigurationList;
			buildConfigurations = (
				CE8F1BC82634A9BB00C0C52C /* Debug */,
				CE8F1BC92634A9BB00C0C52C /* Release */,
			);
			defaultConfigurationIsVisible = 0;
			defaultConfigurationName = Release;
		};
/* End XCConfigurationList section */
	};
	rootObject = CE7C4945262B58E4007FA94E /* Project object */;
}
